// !$*UTF8*$!
{
	archiveVersion = 1;
	classes = {
	};
	objectVersion = 50;
	objects = {

/* Begin PBXBuildFile section */
		48B37A4520C7ED1400F2F6AB /* AppDelegate.swift in Sources */ = {isa = PBXBuildFile; fileRef = 48B37A4420C7ED1400F2F6AB /* AppDelegate.swift */; };
		48B37A4720C7ED1400F2F6AB /* ViewController.swift in Sources */ = {isa = PBXBuildFile; fileRef = 48B37A4620C7ED1400F2F6AB /* ViewController.swift */; };
		48B37A4A20C7ED1400F2F6AB /* Main.storyboard in Resources */ = {isa = PBXBuildFile; fileRef = 48B37A4820C7ED1400F2F6AB /* Main.storyboard */; };
		48B37A4C20C7ED1700F2F6AB /* Assets.xcassets in Resources */ = {isa = PBXBuildFile; fileRef = 48B37A4B20C7ED1700F2F6AB /* Assets.xcassets */; };
		48B37A4F20C7ED1700F2F6AB /* LaunchScreen.storyboard in Resources */ = {isa = PBXBuildFile; fileRef = 48B37A4D20C7ED1700F2F6AB /* LaunchScreen.storyboard */; };
		48B7ADF020CA9ACA00A7BDEB /* Podfile in Resources */ = {isa = PBXBuildFile; fileRef = 48B7ADEF20CA9ACA00A7BDEB /* Podfile */; };
		48B7ADF220CAA1E000A7BDEB /* .gitignore in Resources */ = {isa = PBXBuildFile; fileRef = 48B7ADF120CAA1E000A7BDEB /* .gitignore */; };
		B81BFA8DE6DB0D9007322119 /* Pods_OfflineNavi.framework in Frameworks */ = {isa = PBXBuildFile; fileRef = 1FFC70C4805B92E29533C12F /* Pods_OfflineNavi.framework */; };
/* End PBXBuildFile section */

/* Begin PBXFileReference section */
		1FFC70C4805B92E29533C12F /* Pods_OfflineNavi.framework */ = {isa = PBXFileReference; explicitFileType = wrapper.framework; includeInIndex = 0; path = Pods_OfflineNavi.framework; sourceTree = BUILT_PRODUCTS_DIR; };
		48B37A4120C7ED1400F2F6AB /* OfflineNavi.app */ = {isa = PBXFileReference; explicitFileType = wrapper.application; includeInIndex = 0; path = OfflineNavi.app; sourceTree = BUILT_PRODUCTS_DIR; };
		48B37A4420C7ED1400F2F6AB /* AppDelegate.swift */ = {isa = PBXFileReference; lastKnownFileType = sourcecode.swift; path = AppDelegate.swift; sourceTree = "<group>"; };
		48B37A4620C7ED1400F2F6AB /* ViewController.swift */ = {isa = PBXFileReference; lastKnownFileType = sourcecode.swift; path = ViewController.swift; sourceTree = "<group>"; };
		48B37A4920C7ED1400F2F6AB /* Base */ = {isa = PBXFileReference; lastKnownFileType = file.storyboard; name = Base; path = Base.lproj/Main.storyboard; sourceTree = "<group>"; };
		48B37A4B20C7ED1700F2F6AB /* Assets.xcassets */ = {isa = PBXFileReference; lastKnownFileType = folder.assetcatalog; path = Assets.xcassets; sourceTree = "<group>"; };
		48B37A4E20C7ED1700F2F6AB /* Base */ = {isa = PBXFileReference; lastKnownFileType = file.storyboard; name = Base; path = Base.lproj/LaunchScreen.storyboard; sourceTree = "<group>"; };
		48B37A5020C7ED1700F2F6AB /* Info.plist */ = {isa = PBXFileReference; lastKnownFileType = text.plist.xml; path = Info.plist; sourceTree = "<group>"; };
		48B7ADEF20CA9ACA00A7BDEB /* Podfile */ = {isa = PBXFileReference; lastKnownFileType = text; path = Podfile; sourceTree = "<group>"; };
		48B7ADF120CAA1E000A7BDEB /* .gitignore */ = {isa = PBXFileReference; lastKnownFileType = text; path = .gitignore; sourceTree = "<group>"; };
		67C7A14E01604DE80D049664 /* Pods-OfflineNavi.debug.xcconfig */ = {isa = PBXFileReference; includeInIndex = 1; lastKnownFileType = text.xcconfig; name = "Pods-OfflineNavi.debug.xcconfig"; path = "Pods/Target Support Files/Pods-OfflineNavi/Pods-OfflineNavi.debug.xcconfig"; sourceTree = "<group>"; };
		74571003152E136CF7E2D9F4 /* Pods-OfflineNavi.release.xcconfig */ = {isa = PBXFileReference; includeInIndex = 1; lastKnownFileType = text.xcconfig; name = "Pods-OfflineNavi.release.xcconfig"; path = "Pods/Target Support Files/Pods-OfflineNavi/Pods-OfflineNavi.release.xcconfig"; sourceTree = "<group>"; };
/* End PBXFileReference section */

/* Begin PBXFrameworksBuildPhase section */
		48B37A3E20C7ED1400F2F6AB /* Frameworks */ = {
			isa = PBXFrameworksBuildPhase;
			buildActionMask = 2147483647;
			files = (
				B81BFA8DE6DB0D9007322119 /* Pods_OfflineNavi.framework in Frameworks */,
			);
			runOnlyForDeploymentPostprocessing = 0;
		};
/* End PBXFrameworksBuildPhase section */

/* Begin PBXGroup section */
		48B37A3820C7ED1300F2F6AB = {
			isa = PBXGroup;
			children = (
				48B7ADF120CAA1E000A7BDEB /* .gitignore */,
				48B7ADEF20CA9ACA00A7BDEB /* Podfile */,
				48B37A4320C7ED1400F2F6AB /* OfflineNavi */,
				48B37A4220C7ED1400F2F6AB /* Products */,
				658C9BE50A951BFDD0870B07 /* Pods */,
				A69E10868CA46197A5A13903 /* Frameworks */,
			);
			sourceTree = "<group>";
		};
		48B37A4220C7ED1400F2F6AB /* Products */ = {
			isa = PBXGroup;
			children = (
				48B37A4120C7ED1400F2F6AB /* OfflineNavi.app */,
			);
			name = Products;
			sourceTree = "<group>";
		};
		48B37A4320C7ED1400F2F6AB /* OfflineNavi */ = {
			isa = PBXGroup;
			children = (
				48B37A4420C7ED1400F2F6AB /* AppDelegate.swift */,
				48B37A4620C7ED1400F2F6AB /* ViewController.swift */,
				48B37A4820C7ED1400F2F6AB /* Main.storyboard */,
				48B37A4B20C7ED1700F2F6AB /* Assets.xcassets */,
				48B37A4D20C7ED1700F2F6AB /* LaunchScreen.storyboard */,
				48B37A5020C7ED1700F2F6AB /* Info.plist */,
			);
			path = OfflineNavi;
			sourceTree = "<group>";
		};
		658C9BE50A951BFDD0870B07 /* Pods */ = {
			isa = PBXGroup;
			children = (
				67C7A14E01604DE80D049664 /* Pods-OfflineNavi.debug.xcconfig */,
				74571003152E136CF7E2D9F4 /* Pods-OfflineNavi.release.xcconfig */,
			);
			name = Pods;
			sourceTree = "<group>";
		};
		A69E10868CA46197A5A13903 /* Frameworks */ = {
			isa = PBXGroup;
			children = (
				1FFC70C4805B92E29533C12F /* Pods_OfflineNavi.framework */,
			);
			name = Frameworks;
			sourceTree = "<group>";
		};
/* End PBXGroup section */

/* Begin PBXNativeTarget section */
		48B37A4020C7ED1400F2F6AB /* OfflineNavi */ = {
			isa = PBXNativeTarget;
			buildConfigurationList = 48B37A5320C7ED1800F2F6AB /* Build configuration list for PBXNativeTarget "OfflineNavi" */;
			buildPhases = (
				30D303001996A62316DF8529 /* [CP] Check Pods Manifest.lock */,
				48B37A3D20C7ED1400F2F6AB /* Sources */,
				48B37A3E20C7ED1400F2F6AB /* Frameworks */,
				48B37A3F20C7ED1400F2F6AB /* Resources */,
				DF7FC59A41ED3E3DEF743EC7 /* [CP] Copy Pods Resources */,
			);
			buildRules = (
			);
			dependencies = (
			);
			name = OfflineNavi;
			productName = OfflineNavi;
			productReference = 48B37A4120C7ED1400F2F6AB /* OfflineNavi.app */;
			productType = "com.apple.product-type.application";
		};
/* End PBXNativeTarget section */

/* Begin PBXProject section */
		48B37A3920C7ED1300F2F6AB /* Project object */ = {
			isa = PBXProject;
			attributes = {
				LastSwiftUpdateCheck = 0940;
				LastUpgradeCheck = 0940;
				ORGANIZATIONNAME = snishimura;
				TargetAttributes = {
					48B37A4020C7ED1400F2F6AB = {
						CreatedOnToolsVersion = 9.4;
					};
				};
			};
			buildConfigurationList = 48B37A3C20C7ED1300F2F6AB /* Build configuration list for PBXProject "OfflineNavi" */;
			compatibilityVersion = "Xcode 9.3";
			developmentRegion = en;
			hasScannedForEncodings = 0;
			knownRegions = (
				en,
				Base,
			);
			mainGroup = 48B37A3820C7ED1300F2F6AB;
			productRefGroup = 48B37A4220C7ED1400F2F6AB /* Products */;
			projectDirPath = "";
			projectRoot = "";
			targets = (
				48B37A4020C7ED1400F2F6AB /* OfflineNavi */,
			);
		};
/* End PBXProject section */

/* Begin PBXResourcesBuildPhase section */
		48B37A3F20C7ED1400F2F6AB /* Resources */ = {
			isa = PBXResourcesBuildPhase;
			buildActionMask = 2147483647;
			files = (
				48B7ADF220CAA1E000A7BDEB /* .gitignore in Resources */,
				48B7ADF020CA9ACA00A7BDEB /* Podfile in Resources */,
				48B37A4F20C7ED1700F2F6AB /* LaunchScreen.storyboard in Resources */,
				48B37A4C20C7ED1700F2F6AB /* Assets.xcassets in Resources */,
				48B37A4A20C7ED1400F2F6AB /* Main.storyboard in Resources */,
			);
			runOnlyForDeploymentPostprocessing = 0;
		};
/* End PBXResourcesBuildPhase section */

/* Begin PBXShellScriptBuildPhase section */
		30D303001996A62316DF8529 /* [CP] Check Pods Manifest.lock */ = {
			isa = PBXShellScriptBuildPhase;
			buildActionMask = 2147483647;
			files = (
			);
			inputPaths = (
				"${PODS_PODFILE_DIR_PATH}/Podfile.lock",
				"${PODS_ROOT}/Manifest.lock",
			);
			name = "[CP] Check Pods Manifest.lock";
			outputPaths = (
				"$(DERIVED_FILE_DIR)/Pods-OfflineNavi-checkManifestLockResult.txt",
			);
			runOnlyForDeploymentPostprocessing = 0;
			shellPath = /bin/sh;
			shellScript = "diff \"${PODS_PODFILE_DIR_PATH}/Podfile.lock\" \"${PODS_ROOT}/Manifest.lock\" > /dev/null\nif [ $? != 0 ] ; then\n    # print error to STDERR\n    echo \"error: The sandbox is not in sync with the Podfile.lock. Run 'pod install' or update your CocoaPods installation.\" >&2\n    exit 1\nfi\n# This output is used by Xcode 'outputs' to avoid re-running this script phase.\necho \"SUCCESS\" > \"${SCRIPT_OUTPUT_FILE_0}\"\n";
			showEnvVarsInLog = 0;
		};
		DF7FC59A41ED3E3DEF743EC7 /* [CP] Copy Pods Resources */ = {
			isa = PBXShellScriptBuildPhase;
			buildActionMask = 2147483647;
			files = (
			);
			inputPaths = (
				"${SRCROOT}/Pods/Target Support Files/Pods-OfflineNavi/Pods-OfflineNavi-resources.sh",
				"${PODS_ROOT}/GoogleMaps/Maps/Frameworks/GoogleMaps.framework/Resources/GoogleMaps.bundle",
				"${PODS_ROOT}/GooglePlacePicker/Frameworks/GooglePlacePicker.framework/Resources/GooglePlacePicker.bundle",
				"${PODS_ROOT}/GooglePlaces/Frameworks/GooglePlaces.framework/Resources/GooglePlaces.bundle",
			);
			name = "[CP] Copy Pods Resources";
			outputPaths = (
				"${TARGET_BUILD_DIR}/${UNLOCALIZED_RESOURCES_FOLDER_PATH}/GoogleMaps.bundle",
				"${TARGET_BUILD_DIR}/${UNLOCALIZED_RESOURCES_FOLDER_PATH}/GooglePlacePicker.bundle",
				"${TARGET_BUILD_DIR}/${UNLOCALIZED_RESOURCES_FOLDER_PATH}/GooglePlaces.bundle",
			);
			runOnlyForDeploymentPostprocessing = 0;
			shellPath = /bin/sh;
			shellScript = "\"${SRCROOT}/Pods/Target Support Files/Pods-OfflineNavi/Pods-OfflineNavi-resources.sh\"\n";
			showEnvVarsInLog = 0;
		};
/* End PBXShellScriptBuildPhase section */

/* Begin PBXSourcesBuildPhase section */
		48B37A3D20C7ED1400F2F6AB /* Sources */ = {
			isa = PBXSourcesBuildPhase;
			buildActionMask = 2147483647;
			files = (
				48B37A4720C7ED1400F2F6AB /* ViewController.swift in Sources */,
				48B37A4520C7ED1400F2F6AB /* AppDelegate.swift in Sources */,
			);
			runOnlyForDeploymentPostprocessing = 0;
		};
/* End PBXSourcesBuildPhase section */

/* Begin PBXVariantGroup section */
		48B37A4820C7ED1400F2F6AB /* Main.storyboard */ = {
			isa = PBXVariantGroup;
			children = (
				48B37A4920C7ED1400F2F6AB /* Base */,
			);
			name = Main.storyboard;
			sourceTree = "<group>";
		};
		48B37A4D20C7ED1700F2F6AB /* LaunchScreen.storyboard */ = {
			isa = PBXVariantGroup;
			children = (
				48B37A4E20C7ED1700F2F6AB /* Base */,
			);
			name = LaunchScreen.storyboard;
			sourceTree = "<group>";
		};
/* End PBXVariantGroup section */

/* Begin XCBuildConfiguration section */
		48B37A5120C7ED1700F2F6AB /* Debug */ = {
			isa = XCBuildConfiguration;
			buildSettings = {
				ALWAYS_SEARCH_USER_PATHS = NO;
				CLANG_ANALYZER_NONNULL = YES;
				CLANG_ANALYZER_NUMBER_OBJECT_CONVERSION = YES_AGGRESSIVE;
				CLANG_CXX_LANGUAGE_STANDARD = "gnu++14";
				CLANG_CXX_LIBRARY = "libc++";
				CLANG_ENABLE_MODULES = YES;
				CLANG_ENABLE_OBJC_ARC = YES;
				CLANG_ENABLE_OBJC_WEAK = YES;
				CLANG_WARN_BLOCK_CAPTURE_AUTORELEASING = YES;
				CLANG_WARN_BOOL_CONVERSION = YES;
				CLANG_WARN_COMMA = YES;
				CLANG_WARN_CONSTANT_CONVERSION = YES;
				CLANG_WARN_DEPRECATED_OBJC_IMPLEMENTATIONS = YES;
				CLANG_WARN_DIRECT_OBJC_ISA_USAGE = YES_ERROR;
				CLANG_WARN_DOCUMENTATION_COMMENTS = YES;
				CLANG_WARN_EMPTY_BODY = YES;
				CLANG_WARN_ENUM_CONVERSION = YES;
				CLANG_WARN_INFINITE_RECURSION = YES;
				CLANG_WARN_INT_CONVERSION = YES;
				CLANG_WARN_NON_LITERAL_NULL_CONVERSION = YES;
				CLANG_WARN_OBJC_IMPLICIT_RETAIN_SELF = YES;
				CLANG_WARN_OBJC_LITERAL_CONVERSION = YES;
				CLANG_WARN_OBJC_ROOT_CLASS = YES_ERROR;
				CLANG_WARN_RANGE_LOOP_ANALYSIS = YES;
				CLANG_WARN_STRICT_PROTOTYPES = YES;
				CLANG_WARN_SUSPICIOUS_MOVE = YES;
				CLANG_WARN_UNGUARDED_AVAILABILITY = YES_AGGRESSIVE;
				CLANG_WARN_UNREACHABLE_CODE = YES;
				CLANG_WARN__DUPLICATE_METHOD_MATCH = YES;
				CODE_SIGN_IDENTITY = "iPhone Developer";
				COPY_PHASE_STRIP = NO;
				DEBUG_INFORMATION_FORMAT = dwarf;
				ENABLE_STRICT_OBJC_MSGSEND = YES;
				ENABLE_TESTABILITY = YES;
				GCC_C_LANGUAGE_STANDARD = gnu11;
				GCC_DYNAMIC_NO_PIC = NO;
				GCC_NO_COMMON_BLOCKS = YES;
				GCC_OPTIMIZATION_LEVEL = 0;
				GCC_PREPROCESSOR_DEFINITIONS = (
					"DEBUG=1",
					"$(inherited)",
				);
				GCC_WARN_64_TO_32_BIT_CONVERSION = YES;
				GCC_WARN_ABOUT_RETURN_TYPE = YES_ERROR;
				GCC_WARN_UNDECLARED_SELECTOR = YES;
				GCC_WARN_UNINITIALIZED_AUTOS = YES_AGGRESSIVE;
				GCC_WARN_UNUSED_FUNCTION = YES;
				GCC_WARN_UNUSED_VARIABLE = YES;
				IPHONEOS_DEPLOYMENT_TARGET = 11.4;
				MTL_ENABLE_DEBUG_INFO = YES;
				ONLY_ACTIVE_ARCH = YES;
				SDKROOT = iphoneos;
				SWIFT_ACTIVE_COMPILATION_CONDITIONS = DEBUG;
				SWIFT_OPTIMIZATION_LEVEL = "-Onone";
			};
			name = Debug;
		};
		48B37A5220C7ED1700F2F6AB /* Release */ = {
			isa = XCBuildConfiguration;
			buildSettings = {
				ALWAYS_SEARCH_USER_PATHS = NO;
				CLANG_ANALYZER_NONNULL = YES;
				CLANG_ANALYZER_NUMBER_OBJECT_CONVERSION = YES_AGGRESSIVE;
				CLANG_CXX_LANGUAGE_STANDARD = "gnu++14";
				CLANG_CXX_LIBRARY = "libc++";
				CLANG_ENABLE_MODULES = YES;
				CLANG_ENABLE_OBJC_ARC = YES;
				CLANG_ENABLE_OBJC_WEAK = YES;
				CLANG_WARN_BLOCK_CAPTURE_AUTORELEASING = YES;
				CLANG_WARN_BOOL_CONVERSION = YES;
				CLANG_WARN_COMMA = YES;
				CLANG_WARN_CONSTANT_CONVERSION = YES;
				CLANG_WARN_DEPRECATED_OBJC_IMPLEMENTATIONS = YES;
				CLANG_WARN_DIRECT_OBJC_ISA_USAGE = YES_ERROR;
				CLANG_WARN_DOCUMENTATION_COMMENTS = YES;
				CLANG_WARN_EMPTY_BODY = YES;
				CLANG_WARN_ENUM_CONVERSION = YES;
				CLANG_WARN_INFINITE_RECURSION = YES;
				CLANG_WARN_INT_CONVERSION = YES;
				CLANG_WARN_NON_LITERAL_NULL_CONVERSION = YES;
				CLANG_WARN_OBJC_IMPLICIT_RETAIN_SELF = YES;
				CLANG_WARN_OBJC_LITERAL_CONVERSION = YES;
				CLANG_WARN_OBJC_ROOT_CLASS = YES_ERROR;
				CLANG_WARN_RANGE_LOOP_ANALYSIS = YES;
				CLANG_WARN_STRICT_PROTOTYPES = YES;
				CLANG_WARN_SUSPICIOUS_MOVE = YES;
				CLANG_WARN_UNGUARDED_AVAILABILITY = YES_AGGRESSIVE;
				CLANG_WARN_UNREACHABLE_CODE = YES;
				CLANG_WARN__DUPLICATE_METHOD_MATCH = YES;
				CODE_SIGN_IDENTITY = "iPhone Developer";
				COPY_PHASE_STRIP = NO;
				DEBUG_INFORMATION_FORMAT = "dwarf-with-dsym";
				ENABLE_NS_ASSERTIONS = NO;
				ENABLE_STRICT_OBJC_MSGSEND = YES;
				GCC_C_LANGUAGE_STANDARD = gnu11;
				GCC_NO_COMMON_BLOCKS = YES;
				GCC_WARN_64_TO_32_BIT_CONVERSION = YES;
				GCC_WARN_ABOUT_RETURN_TYPE = YES_ERROR;
				GCC_WARN_UNDECLARED_SELECTOR = YES;
				GCC_WARN_UNINITIALIZED_AUTOS = YES_AGGRESSIVE;
				GCC_WARN_UNUSED_FUNCTION = YES;
				GCC_WARN_UNUSED_VARIABLE = YES;
				IPHONEOS_DEPLOYMENT_TARGET = 11.4;
				MTL_ENABLE_DEBUG_INFO = NO;
				SDKROOT = iphoneos;
				SWIFT_COMPILATION_MODE = wholemodule;
				SWIFT_OPTIMIZATION_LEVEL = "-O";
				VALIDATE_PRODUCT = YES;
			};
			name = Release;
		};
		48B37A5420C7ED1800F2F6AB /* Debug */ = {
			isa = XCBuildConfiguration;
			baseConfigurationReference = 67C7A14E01604DE80D049664 /* Pods-OfflineNavi.debug.xcconfig */;
			buildSettings = {
				ASSETCATALOG_COMPILER_APPICON_NAME = AppIcon;
				CODE_SIGN_STYLE = Automatic;
				DEVELOPMENT_TEAM = 4XY72D3XMQ;
				INFOPLIST_FILE = OfflineNavi/Info.plist;
				IPHONEOS_DEPLOYMENT_TARGET = 11.2;
				LD_RUNPATH_SEARCH_PATHS = (
					"$(inherited)",
					"@executable_path/Frameworks",
				);
				PRODUCT_BUNDLE_IDENTIFIER = com.snishimura.OfflineNavi;
				PRODUCT_NAME = "$(TARGET_NAME)";
				SWIFT_VERSION = 4.0;
				TARGETED_DEVICE_FAMILY = "1,2";
			};
			name = Debug;
		};
		48B37A5520C7ED1800F2F6AB /* Release */ = {
			isa = XCBuildConfiguration;
			baseConfigurationReference = 74571003152E136CF7E2D9F4 /* Pods-OfflineNavi.release.xcconfig */;
			buildSettings = {
				ASSETCATALOG_COMPILER_APPICON_NAME = AppIcon;
				CODE_SIGN_STYLE = Automatic;
				DEVELOPMENT_TEAM = 4XY72D3XMQ;
				INFOPLIST_FILE = OfflineNavi/Info.plist;
				IPHONEOS_DEPLOYMENT_TARGET = 11.2;
				LD_RUNPATH_SEARCH_PATHS = (
					"$(inherited)",
					"@executable_path/Frameworks",
				);
				PRODUCT_BUNDLE_IDENTIFIER = com.snishimura.OfflineNavi;
				PRODUCT_NAME = "$(TARGET_NAME)";
				SWIFT_VERSION = 4.0;
				TARGETED_DEVICE_FAMILY = "1,2";
			};
			name = Release;
		};
/* End XCBuildConfiguration section */

/* Begin XCConfigurationList section */
		48B37A3C20C7ED1300F2F6AB /* Build configuration list for PBXProject "OfflineNavi" */ = {
			isa = XCConfigurationList;
			buildConfigurations = (
				48B37A5120C7ED1700F2F6AB /* Debug */,
				48B37A5220C7ED1700F2F6AB /* Release */,
			);
			defaultConfigurationIsVisible = 0;
			defaultConfigurationName = Release;
		};
		48B37A5320C7ED1800F2F6AB /* Build configuration list for PBXNativeTarget "OfflineNavi" */ = {
			isa = XCConfigurationList;
			buildConfigurations = (
				48B37A5420C7ED1800F2F6AB /* Debug */,
				48B37A5520C7ED1800F2F6AB /* Release */,
			);
			defaultConfigurationIsVisible = 0;
			defaultConfigurationName = Release;
		};
/* End XCConfigurationList section */
	};
	rootObject = 48B37A3920C7ED1300F2F6AB /* Project object */;
}
